// !$*UTF8*$!
{
	archiveVersion = 1;
	classes = {
	};
	objectVersion = 56;
	objects = {

/* Begin PBXBuildFile section */
		53AE74EE24E71D21385FD762 /* Pods_rickandmorty.framework in Frameworks */ = {isa = PBXBuildFile; fileRef = 4674055E348942606131357C /* Pods_rickandmorty.framework */; };
		ED0C7CB829EA60DB009D2AA3 /* AppDelegate.swift in Sources */ = {isa = PBXBuildFile; fileRef = ED0C7CB729EA60DB009D2AA3 /* AppDelegate.swift */; };
		ED0C7CBA29EA60DB009D2AA3 /* SceneDelegate.swift in Sources */ = {isa = PBXBuildFile; fileRef = ED0C7CB929EA60DB009D2AA3 /* SceneDelegate.swift */; };
		ED0C7CBC29EA60DB009D2AA3 /* CharacterViewController.swift in Sources */ = {isa = PBXBuildFile; fileRef = ED0C7CBB29EA60DB009D2AA3 /* CharacterViewController.swift */; };
		ED0C7CBF29EA60DB009D2AA3 /* Main.storyboard in Resources */ = {isa = PBXBuildFile; fileRef = ED0C7CBD29EA60DB009D2AA3 /* Main.storyboard */; };
		ED0C7CC129EA60DC009D2AA3 /* Assets.xcassets in Resources */ = {isa = PBXBuildFile; fileRef = ED0C7CC029EA60DC009D2AA3 /* Assets.xcassets */; };
		ED0C7CC429EA60DC009D2AA3 /* LaunchScreen.storyboard in Resources */ = {isa = PBXBuildFile; fileRef = ED0C7CC229EA60DC009D2AA3 /* LaunchScreen.storyboard */; };
		ED0C7CCF29EA629B009D2AA3 /* Character.swift in Sources */ = {isa = PBXBuildFile; fileRef = ED0C7CCE29EA629B009D2AA3 /* Character.swift */; };
		ED0C7CD229EA634F009D2AA3 /* NetworkManager.swift in Sources */ = {isa = PBXBuildFile; fileRef = ED0C7CD129EA634F009D2AA3 /* NetworkManager.swift */; };
		ED0C7CD729EA6B8A009D2AA3 /* CharacterTableViewCell.swift in Sources */ = {isa = PBXBuildFile; fileRef = ED0C7CD629EA6B8A009D2AA3 /* CharacterTableViewCell.swift */; };
		ED0C7CD929EA6B97009D2AA3 /* CharacterTableViewCell.xib in Resources */ = {isa = PBXBuildFile; fileRef = ED0C7CD829EA6B97009D2AA3 /* CharacterTableViewCell.xib */; };
		ED9AD63E29EAA74A00F99832 /* CharacterListViewModel.swift in Sources */ = {isa = PBXBuildFile; fileRef = ED9AD63D29EAA74900F99832 /* CharacterListViewModel.swift */; };
		ED9AD64129EAB34400F99832 /* DataProvider.swift in Sources */ = {isa = PBXBuildFile; fileRef = ED9AD64029EAB34400F99832 /* DataProvider.swift */; };
		ED9AD64529EABABB00F99832 /* SplashViewController.swift in Sources */ = {isa = PBXBuildFile; fileRef = ED9AD64429EABABB00F99832 /* SplashViewController.swift */; };
		ED9AD64A29EACC1F00F99832 /* CoreDataCharacter.xcdatamodeld in Sources */ = {isa = PBXBuildFile; fileRef = ED9AD64829EACC1F00F99832 /* CoreDataCharacter.xcdatamodeld */; };
		ED9AD64C29EACD8500F99832 /* CoreDataStack.swift in Sources */ = {isa = PBXBuildFile; fileRef = ED9AD64B29EACD8500F99832 /* CoreDataStack.swift */; };
		ED9AD64E29EAD84500F99832 /* CharacterListProtocol.swift in Sources */ = {isa = PBXBuildFile; fileRef = ED9AD64D29EAD84500F99832 /* CharacterListProtocol.swift */; };
/* End PBXBuildFile section */

/* Begin PBXFileReference section */
		39E297AA4C44108007DD0164 /* Pods-rickandmorty.debug.xcconfig */ = {isa = PBXFileReference; includeInIndex = 1; lastKnownFileType = text.xcconfig; name = "Pods-rickandmorty.debug.xcconfig"; path = "Target Support Files/Pods-rickandmorty/Pods-rickandmorty.debug.xcconfig"; sourceTree = "<group>"; };
		4674055E348942606131357C /* Pods_rickandmorty.framework */ = {isa = PBXFileReference; explicitFileType = wrapper.framework; includeInIndex = 0; path = Pods_rickandmorty.framework; sourceTree = BUILT_PRODUCTS_DIR; };
		ED0C7CB429EA60DB009D2AA3 /* rickandmorty.app */ = {isa = PBXFileReference; explicitFileType = wrapper.application; includeInIndex = 0; path = rickandmorty.app; sourceTree = BUILT_PRODUCTS_DIR; };
		ED0C7CB729EA60DB009D2AA3 /* AppDelegate.swift */ = {isa = PBXFileReference; lastKnownFileType = sourcecode.swift; path = AppDelegate.swift; sourceTree = "<group>"; };
		ED0C7CB929EA60DB009D2AA3 /* SceneDelegate.swift */ = {isa = PBXFileReference; lastKnownFileType = sourcecode.swift; path = SceneDelegate.swift; sourceTree = "<group>"; };
		ED0C7CBB29EA60DB009D2AA3 /* CharacterViewController.swift */ = {isa = PBXFileReference; lastKnownFileType = sourcecode.swift; path = CharacterViewController.swift; sourceTree = "<group>"; };
		ED0C7CBE29EA60DB009D2AA3 /* Base */ = {isa = PBXFileReference; lastKnownFileType = file.storyboard; name = Base; path = Base.lproj/Main.storyboard; sourceTree = "<group>"; };
		ED0C7CC029EA60DC009D2AA3 /* Assets.xcassets */ = {isa = PBXFileReference; lastKnownFileType = folder.assetcatalog; path = Assets.xcassets; sourceTree = "<group>"; };
		ED0C7CC329EA60DC009D2AA3 /* Base */ = {isa = PBXFileReference; lastKnownFileType = file.storyboard; name = Base; path = Base.lproj/LaunchScreen.storyboard; sourceTree = "<group>"; };
		ED0C7CC529EA60DC009D2AA3 /* Info.plist */ = {isa = PBXFileReference; lastKnownFileType = text.plist.xml; path = Info.plist; sourceTree = "<group>"; };
		ED0C7CCE29EA629B009D2AA3 /* Character.swift */ = {isa = PBXFileReference; lastKnownFileType = sourcecode.swift; path = Character.swift; sourceTree = "<group>"; };
		ED0C7CD129EA634F009D2AA3 /* NetworkManager.swift */ = {isa = PBXFileReference; lastKnownFileType = sourcecode.swift; path = NetworkManager.swift; sourceTree = "<group>"; };
		ED0C7CD629EA6B8A009D2AA3 /* CharacterTableViewCell.swift */ = {isa = PBXFileReference; lastKnownFileType = sourcecode.swift; path = CharacterTableViewCell.swift; sourceTree = "<group>"; };
		ED0C7CD829EA6B97009D2AA3 /* CharacterTableViewCell.xib */ = {isa = PBXFileReference; lastKnownFileType = file.xib; path = CharacterTableViewCell.xib; sourceTree = "<group>"; };
		ED9AD63D29EAA74900F99832 /* CharacterListViewModel.swift */ = {isa = PBXFileReference; lastKnownFileType = sourcecode.swift; path = CharacterListViewModel.swift; sourceTree = "<group>"; };
		ED9AD64029EAB34400F99832 /* DataProvider.swift */ = {isa = PBXFileReference; lastKnownFileType = sourcecode.swift; path = DataProvider.swift; sourceTree = "<group>"; };
		ED9AD64429EABABB00F99832 /* SplashViewController.swift */ = {isa = PBXFileReference; lastKnownFileType = sourcecode.swift; path = SplashViewController.swift; sourceTree = "<group>"; };
		ED9AD64929EACC1F00F99832 /* CoreDataCharacter.xcdatamodel */ = {isa = PBXFileReference; lastKnownFileType = wrapper.xcdatamodel; path = CoreDataCharacter.xcdatamodel; sourceTree = "<group>"; };
		ED9AD64B29EACD8500F99832 /* CoreDataStack.swift */ = {isa = PBXFileReference; lastKnownFileType = sourcecode.swift; path = CoreDataStack.swift; sourceTree = "<group>"; };
		ED9AD64D29EAD84500F99832 /* CharacterListProtocol.swift */ = {isa = PBXFileReference; lastKnownFileType = sourcecode.swift; path = CharacterListProtocol.swift; sourceTree = "<group>"; };
		FD018E241D763BBA61200852 /* Pods-rickandmorty.release.xcconfig */ = {isa = PBXFileReference; includeInIndex = 1; lastKnownFileType = text.xcconfig; name = "Pods-rickandmorty.release.xcconfig"; path = "Target Support Files/Pods-rickandmorty/Pods-rickandmorty.release.xcconfig"; sourceTree = "<group>"; };
/* End PBXFileReference section */

/* Begin PBXFrameworksBuildPhase section */
		ED0C7CB129EA60DB009D2AA3 /* Frameworks */ = {
			isa = PBXFrameworksBuildPhase;
			buildActionMask = 2147483647;
			files = (
				53AE74EE24E71D21385FD762 /* Pods_rickandmorty.framework in Frameworks */,
			);
			runOnlyForDeploymentPostprocessing = 0;
		};
/* End PBXFrameworksBuildPhase section */

/* Begin PBXGroup section */
		07CF82A1B70A998F1C3BE31B /* Frameworks */ = {
			isa = PBXGroup;
			children = (
				4674055E348942606131357C /* Pods_rickandmorty.framework */,
			);
			name = Frameworks;
			sourceTree = "<group>";
		};
		729DEEF8FE708537D5149E11 /* Pods */ = {
			isa = PBXGroup;
			children = (
				39E297AA4C44108007DD0164 /* Pods-rickandmorty.debug.xcconfig */,
				FD018E241D763BBA61200852 /* Pods-rickandmorty.release.xcconfig */,
			);
			path = Pods;
			sourceTree = "<group>";
		};
		ED0C7CAB29EA60DB009D2AA3 = {
			isa = PBXGroup;
			children = (
				ED0C7CB629EA60DB009D2AA3 /* rickandmorty */,
				ED0C7CB529EA60DB009D2AA3 /* Products */,
				729DEEF8FE708537D5149E11 /* Pods */,
				07CF82A1B70A998F1C3BE31B /* Frameworks */,
			);
			sourceTree = "<group>";
		};
		ED0C7CB529EA60DB009D2AA3 /* Products */ = {
			isa = PBXGroup;
			children = (
				ED0C7CB429EA60DB009D2AA3 /* rickandmorty.app */,
			);
			name = Products;
			sourceTree = "<group>";
		};
		ED0C7CB629EA60DB009D2AA3 /* rickandmorty */ = {
			isa = PBXGroup;
			children = (
				ED9AD63F29EAB33600F99832 /* Local */,
				ED0C7CD029EA633B009D2AA3 /* Network */,
				ED0C7CCD29EA628C009D2AA3 /* Model */,
				ED0C7CCB29EA621E009D2AA3 /* View */,
				ED0C7CB729EA60DB009D2AA3 /* AppDelegate.swift */,
				ED0C7CB929EA60DB009D2AA3 /* SceneDelegate.swift */,
				ED0C7CBD29EA60DB009D2AA3 /* Main.storyboard */,
				ED0C7CC029EA60DC009D2AA3 /* Assets.xcassets */,
				ED0C7CC229EA60DC009D2AA3 /* LaunchScreen.storyboard */,
				ED0C7CC529EA60DC009D2AA3 /* Info.plist */,
			);
			path = rickandmorty;
			sourceTree = "<group>";
		};
		ED0C7CCB29EA621E009D2AA3 /* View */ = {
			isa = PBXGroup;
			children = (
				ED0C7CCC29EA6236009D2AA3 /* CharacterList */,
				ED9AD64429EABABB00F99832 /* SplashViewController.swift */,
			);
			path = View;
			sourceTree = "<group>";
		};
		ED0C7CCC29EA6236009D2AA3 /* CharacterList */ = {
			isa = PBXGroup;
			children = (
				ED0C7CD529EA6B77009D2AA3 /* Cell */,
				ED0C7CBB29EA60DB009D2AA3 /* CharacterViewController.swift */,
				ED9AD63D29EAA74900F99832 /* CharacterListViewModel.swift */,
				ED9AD64D29EAD84500F99832 /* CharacterListProtocol.swift */,
			);
			path = CharacterList;
			sourceTree = "<group>";
		};
		ED0C7CCD29EA628C009D2AA3 /* Model */ = {
			isa = PBXGroup;
			children = (
				ED0C7CCE29EA629B009D2AA3 /* Character.swift */,
			);
			path = Model;
			sourceTree = "<group>";
		};
		ED0C7CD029EA633B009D2AA3 /* Network */ = {
			isa = PBXGroup;
			children = (
				ED0C7CD129EA634F009D2AA3 /* NetworkManager.swift */,
			);
			path = Network;
			sourceTree = "<group>";
		};
		ED0C7CD529EA6B77009D2AA3 /* Cell */ = {
			isa = PBXGroup;
			children = (
				ED0C7CD629EA6B8A009D2AA3 /* CharacterTableViewCell.swift */,
				ED0C7CD829EA6B97009D2AA3 /* CharacterTableViewCell.xib */,
			);
			path = Cell;
			sourceTree = "<group>";
		};
		ED9AD63F29EAB33600F99832 /* Local */ = {
			isa = PBXGroup;
			children = (
				ED9AD64029EAB34400F99832 /* DataProvider.swift */,
				ED9AD64829EACC1F00F99832 /* CoreDataCharacter.xcdatamodeld */,
				ED9AD64B29EACD8500F99832 /* CoreDataStack.swift */,
			);
			path = Local;
			sourceTree = "<group>";
		};
/* End PBXGroup section */

/* Begin PBXNativeTarget section */
		ED0C7CB329EA60DB009D2AA3 /* rickandmorty */ = {
			isa = PBXNativeTarget;
			buildConfigurationList = ED0C7CC829EA60DC009D2AA3 /* Build configuration list for PBXNativeTarget "rickandmorty" */;
			buildPhases = (
				459EE6A76C7D0FBA08B0A960 /* [CP] Check Pods Manifest.lock */,
				ED0C7CB029EA60DB009D2AA3 /* Sources */,
				ED0C7CB129EA60DB009D2AA3 /* Frameworks */,
				ED0C7CB229EA60DB009D2AA3 /* Resources */,
				B560FAFFF0494ED031B3DDEB /* [CP] Embed Pods Frameworks */,
			);
			buildRules = (
			);
			dependencies = (
			);
			name = rickandmorty;
			productName = rickandmorty;
			productReference = ED0C7CB429EA60DB009D2AA3 /* rickandmorty.app */;
			productType = "com.apple.product-type.application";
		};
/* End PBXNativeTarget section */

/* Begin PBXProject section */
		ED0C7CAC29EA60DB009D2AA3 /* Project object */ = {
			isa = PBXProject;
			attributes = {
				BuildIndependentTargetsInParallel = 1;
				LastSwiftUpdateCheck = 1420;
				LastUpgradeCheck = 1420;
				TargetAttributes = {
					ED0C7CB329EA60DB009D2AA3 = {
						CreatedOnToolsVersion = 14.2;
					};
				};
			};
			buildConfigurationList = ED0C7CAF29EA60DB009D2AA3 /* Build configuration list for PBXProject "rickandmorty" */;
			compatibilityVersion = "Xcode 14.0";
			developmentRegion = en;
			hasScannedForEncodings = 0;
			knownRegions = (
				en,
				Base,
			);
			mainGroup = ED0C7CAB29EA60DB009D2AA3;
			productRefGroup = ED0C7CB529EA60DB009D2AA3 /* Products */;
			projectDirPath = "";
			projectRoot = "";
			targets = (
				ED0C7CB329EA60DB009D2AA3 /* rickandmorty */,
			);
		};
/* End PBXProject section */

/* Begin PBXResourcesBuildPhase section */
		ED0C7CB229EA60DB009D2AA3 /* Resources */ = {
			isa = PBXResourcesBuildPhase;
			buildActionMask = 2147483647;
			files = (
				ED0C7CC429EA60DC009D2AA3 /* LaunchScreen.storyboard in Resources */,
				ED0C7CC129EA60DC009D2AA3 /* Assets.xcassets in Resources */,
				ED0C7CBF29EA60DB009D2AA3 /* Main.storyboard in Resources */,
				ED0C7CD929EA6B97009D2AA3 /* CharacterTableViewCell.xib in Resources */,
			);
			runOnlyForDeploymentPostprocessing = 0;
		};
/* End PBXResourcesBuildPhase section */

/* Begin PBXShellScriptBuildPhase section */
		459EE6A76C7D0FBA08B0A960 /* [CP] Check Pods Manifest.lock */ = {
			isa = PBXShellScriptBuildPhase;
			buildActionMask = 2147483647;
			files = (
			);
			inputFileListPaths = (
			);
			inputPaths = (
				"${PODS_PODFILE_DIR_PATH}/Podfile.lock",
				"${PODS_ROOT}/Manifest.lock",
			);
			name = "[CP] Check Pods Manifest.lock";
			outputFileListPaths = (
			);
			outputPaths = (
				"$(DERIVED_FILE_DIR)/Pods-rickandmorty-checkManifestLockResult.txt",
			);
			runOnlyForDeploymentPostprocessing = 0;
			shellPath = /bin/sh;
			shellScript = "diff \"${PODS_PODFILE_DIR_PATH}/Podfile.lock\" \"${PODS_ROOT}/Manifest.lock\" > /dev/null\nif [ $? != 0 ] ; then\n    # print error to STDERR\n    echo \"error: The sandbox is not in sync with the Podfile.lock. Run 'pod install' or update your CocoaPods installation.\" >&2\n    exit 1\nfi\n# This output is used by Xcode 'outputs' to avoid re-running this script phase.\necho \"SUCCESS\" > \"${SCRIPT_OUTPUT_FILE_0}\"\n";
			showEnvVarsInLog = 0;
		};
		B560FAFFF0494ED031B3DDEB /* [CP] Embed Pods Frameworks */ = {
			isa = PBXShellScriptBuildPhase;
			buildActionMask = 2147483647;
			files = (
			);
			inputFileListPaths = (
				"${PODS_ROOT}/Target Support Files/Pods-rickandmorty/Pods-rickandmorty-frameworks-${CONFIGURATION}-input-files.xcfilelist",
			);
			name = "[CP] Embed Pods Frameworks";
			outputFileListPaths = (
				"${PODS_ROOT}/Target Support Files/Pods-rickandmorty/Pods-rickandmorty-frameworks-${CONFIGURATION}-output-files.xcfilelist",
			);
			runOnlyForDeploymentPostprocessing = 0;
			shellPath = /bin/sh;
			shellScript = "\"${PODS_ROOT}/Target Support Files/Pods-rickandmorty/Pods-rickandmorty-frameworks.sh\"\n";
			showEnvVarsInLog = 0;
		};
/* End PBXShellScriptBuildPhase section */

/* Begin PBXSourcesBuildPhase section */
		ED0C7CB029EA60DB009D2AA3 /* Sources */ = {
			isa = PBXSourcesBuildPhase;
			buildActionMask = 2147483647;
			files = (
				ED0C7CBC29EA60DB009D2AA3 /* CharacterViewController.swift in Sources */,
				ED9AD64E29EAD84500F99832 /* CharacterListProtocol.swift in Sources */,
				ED0C7CD729EA6B8A009D2AA3 /* CharacterTableViewCell.swift in Sources */,
				ED9AD64129EAB34400F99832 /* DataProvider.swift in Sources */,
				ED9AD64529EABABB00F99832 /* SplashViewController.swift in Sources */,
				ED0C7CB829EA60DB009D2AA3 /* AppDelegate.swift in Sources */,
				ED9AD63E29EAA74A00F99832 /* CharacterListViewModel.swift in Sources */,
				ED9AD64C29EACD8500F99832 /* CoreDataStack.swift in Sources */,
				ED9AD64A29EACC1F00F99832 /* CoreDataCharacter.xcdatamodeld in Sources */,
				ED0C7CD229EA634F009D2AA3 /* NetworkManager.swift in Sources */,
				ED0C7CBA29EA60DB009D2AA3 /* SceneDelegate.swift in Sources */,
				ED0C7CCF29EA629B009D2AA3 /* Character.swift in Sources */,
			);
			runOnlyForDeploymentPostprocessing = 0;
		};
/* End PBXSourcesBuildPhase section */

/* Begin PBXVariantGroup section */
		ED0C7CBD29EA60DB009D2AA3 /* Main.storyboard */ = {
			isa = PBXVariantGroup;
			children = (
				ED0C7CBE29EA60DB009D2AA3 /* Base */,
			);
			name = Main.storyboard;
			sourceTree = "<group>";
		};
		ED0C7CC229EA60DC009D2AA3 /* LaunchScreen.storyboard */ = {
			isa = PBXVariantGroup;
			children = (
				ED0C7CC329EA60DC009D2AA3 /* Base */,
			);
			name = LaunchScreen.storyboard;
			sourceTree = "<group>";
		};
/* End PBXVariantGroup section */

/* Begin XCBuildConfiguration section */
		ED0C7CC629EA60DC009D2AA3 /* Debug */ = {
			isa = XCBuildConfiguration;
			buildSettings = {
				ALWAYS_SEARCH_USER_PATHS = NO;
				CLANG_ANALYZER_NONNULL = YES;
				CLANG_ANALYZER_NUMBER_OBJECT_CONVERSION = YES_AGGRESSIVE;
				CLANG_CXX_LANGUAGE_STANDARD = "gnu++20";
				CLANG_ENABLE_MODULES = YES;
				CLANG_ENABLE_OBJC_ARC = YES;
				CLANG_ENABLE_OBJC_WEAK = YES;
				CLANG_WARN_BLOCK_CAPTURE_AUTORELEASING = YES;
				CLANG_WARN_BOOL_CONVERSION = YES;
				CLANG_WARN_COMMA = YES;
				CLANG_WARN_CONSTANT_CONVERSION = YES;
				CLANG_WARN_DEPRECATED_OBJC_IMPLEMENTATIONS = YES;
				CLANG_WARN_DIRECT_OBJC_ISA_USAGE = YES_ERROR;
				CLANG_WARN_DOCUMENTATION_COMMENTS = YES;
				CLANG_WARN_EMPTY_BODY = YES;
				CLANG_WARN_ENUM_CONVERSION = YES;
				CLANG_WARN_INFINITE_RECURSION = YES;
				CLANG_WARN_INT_CONVERSION = YES;
				CLANG_WARN_NON_LITERAL_NULL_CONVERSION = YES;
				CLANG_WARN_OBJC_IMPLICIT_RETAIN_SELF = YES;
				CLANG_WARN_OBJC_LITERAL_CONVERSION = YES;
				CLANG_WARN_OBJC_ROOT_CLASS = YES_ERROR;
				CLANG_WARN_QUOTED_INCLUDE_IN_FRAMEWORK_HEADER = YES;
				CLANG_WARN_RANGE_LOOP_ANALYSIS = YES;
				CLANG_WARN_STRICT_PROTOTYPES = YES;
				CLANG_WARN_SUSPICIOUS_MOVE = YES;
				CLANG_WARN_UNGUARDED_AVAILABILITY = YES_AGGRESSIVE;
				CLANG_WARN_UNREACHABLE_CODE = YES;
				CLANG_WARN__DUPLICATE_METHOD_MATCH = YES;
				COPY_PHASE_STRIP = NO;
				DEBUG_INFORMATION_FORMAT = dwarf;
				ENABLE_STRICT_OBJC_MSGSEND = YES;
				ENABLE_TESTABILITY = YES;
				GCC_C_LANGUAGE_STANDARD = gnu11;
				GCC_DYNAMIC_NO_PIC = NO;
				GCC_NO_COMMON_BLOCKS = YES;
				GCC_OPTIMIZATION_LEVEL = 0;
				GCC_PREPROCESSOR_DEFINITIONS = (
					"DEBUG=1",
					"$(inherited)",
				);
				GCC_WARN_64_TO_32_BIT_CONVERSION = YES;
				GCC_WARN_ABOUT_RETURN_TYPE = YES_ERROR;
				GCC_WARN_UNDECLARED_SELECTOR = YES;
				GCC_WARN_UNINITIALIZED_AUTOS = YES_AGGRESSIVE;
				GCC_WARN_UNUSED_FUNCTION = YES;
				GCC_WARN_UNUSED_VARIABLE = YES;
				IPHONEOS_DEPLOYMENT_TARGET = 16.2;
				MTL_ENABLE_DEBUG_INFO = INCLUDE_SOURCE;
				MTL_FAST_MATH = YES;
				ONLY_ACTIVE_ARCH = YES;
				SDKROOT = iphoneos;
				SWIFT_ACTIVE_COMPILATION_CONDITIONS = DEBUG;
				SWIFT_OPTIMIZATION_LEVEL = "-Onone";
			};
			name = Debug;
		};
		ED0C7CC729EA60DC009D2AA3 /* Release */ = {
			isa = XCBuildConfiguration;
			buildSettings = {
				ALWAYS_SEARCH_USER_PATHS = NO;
				CLANG_ANALYZER_NONNULL = YES;
				CLANG_ANALYZER_NUMBER_OBJECT_CONVERSION = YES_AGGRESSIVE;
				CLANG_CXX_LANGUAGE_STANDARD = "gnu++20";
				CLANG_ENABLE_MODULES = YES;
				CLANG_ENABLE_OBJC_ARC = YES;
				CLANG_ENABLE_OBJC_WEAK = YES;
				CLANG_WARN_BLOCK_CAPTURE_AUTORELEASING = YES;
				CLANG_WARN_BOOL_CONVERSION = YES;
				CLANG_WARN_COMMA = YES;
				CLANG_WARN_CONSTANT_CONVERSION = YES;
				CLANG_WARN_DEPRECATED_OBJC_IMPLEMENTATIONS = YES;
				CLANG_WARN_DIRECT_OBJC_ISA_USAGE = YES_ERROR;
				CLANG_WARN_DOCUMENTATION_COMMENTS = YES;
				CLANG_WARN_EMPTY_BODY = YES;
				CLANG_WARN_ENUM_CONVERSION = YES;
				CLANG_WARN_INFINITE_RECURSION = YES;
				CLANG_WARN_INT_CONVERSION = YES;
				CLANG_WARN_NON_LITERAL_NULL_CONVERSION = YES;
				CLANG_WARN_OBJC_IMPLICIT_RETAIN_SELF = YES;
				CLANG_WARN_OBJC_LITERAL_CONVERSION = YES;
				CLANG_WARN_OBJC_ROOT_CLASS = YES_ERROR;
				CLANG_WARN_QUOTED_INCLUDE_IN_FRAMEWORK_HEADER = YES;
				CLANG_WARN_RANGE_LOOP_ANALYSIS = YES;
				CLANG_WARN_STRICT_PROTOTYPES = YES;
				CLANG_WARN_SUSPICIOUS_MOVE = YES;
				CLANG_WARN_UNGUARDED_AVAILABILITY = YES_AGGRESSIVE;
				CLANG_WARN_UNREACHABLE_CODE = YES;
				CLANG_WARN__DUPLICATE_METHOD_MATCH = YES;
				COPY_PHASE_STRIP = NO;
				DEBUG_INFORMATION_FORMAT = "dwarf-with-dsym";
				ENABLE_NS_ASSERTIONS = NO;
				ENABLE_STRICT_OBJC_MSGSEND = YES;
				GCC_C_LANGUAGE_STANDARD = gnu11;
				GCC_NO_COMMON_BLOCKS = YES;
				GCC_WARN_64_TO_32_BIT_CONVERSION = YES;
				GCC_WARN_ABOUT_RETURN_TYPE = YES_ERROR;
				GCC_WARN_UNDECLARED_SELECTOR = YES;
				GCC_WARN_UNINITIALIZED_AUTOS = YES_AGGRESSIVE;
				GCC_WARN_UNUSED_FUNCTION = YES;
				GCC_WARN_UNUSED_VARIABLE = YES;
				IPHONEOS_DEPLOYMENT_TARGET = 16.2;
				MTL_ENABLE_DEBUG_INFO = NO;
				MTL_FAST_MATH = YES;
				SDKROOT = iphoneos;
				SWIFT_COMPILATION_MODE = wholemodule;
				SWIFT_OPTIMIZATION_LEVEL = "-O";
				VALIDATE_PRODUCT = YES;
			};
			name = Release;
		};
		ED0C7CC929EA60DC009D2AA3 /* Debug */ = {
			isa = XCBuildConfiguration;
			baseConfigurationReference = 39E297AA4C44108007DD0164 /* Pods-rickandmorty.debug.xcconfig */;
			buildSettings = {
				ASSETCATALOG_COMPILER_APPICON_NAME = AppIcon;
				ASSETCATALOG_COMPILER_GLOBAL_ACCENT_COLOR_NAME = AccentColor;
				CODE_SIGN_STYLE = Automatic;
				CURRENT_PROJECT_VERSION = 1;
				GENERATE_INFOPLIST_FILE = YES;
				INFOPLIST_FILE = rickandmorty/Info.plist;
				INFOPLIST_KEY_UIApplicationSupportsIndirectInputEvents = YES;
				INFOPLIST_KEY_UILaunchStoryboardName = LaunchScreen;
				INFOPLIST_KEY_UIMainStoryboardFile = Main;
				INFOPLIST_KEY_UISupportedInterfaceOrientations_iPad = "UIInterfaceOrientationPortrait UIInterfaceOrientationPortraitUpsideDown UIInterfaceOrientationLandscapeLeft UIInterfaceOrientationLandscapeRight";
				INFOPLIST_KEY_UISupportedInterfaceOrientations_iPhone = "UIInterfaceOrientationPortrait UIInterfaceOrientationLandscapeLeft UIInterfaceOrientationLandscapeRight";
				LD_RUNPATH_SEARCH_PATHS = (
					"$(inherited)",
					"@executable_path/Frameworks",
				);
				MARKETING_VERSION = 1.0;
				PRODUCT_BUNDLE_IDENTIFIER = com.cerezo.rickandmorty;
				PRODUCT_NAME = "$(TARGET_NAME)";
				SWIFT_EMIT_LOC_STRINGS = YES;
				SWIFT_VERSION = 5.0;
				TARGETED_DEVICE_FAMILY = "1,2";
			};
			name = Debug;
		};
		ED0C7CCA29EA60DC009D2AA3 /* Release */ = {
			isa = XCBuildConfiguration;
			baseConfigurationReference = FD018E241D763BBA61200852 /* Pods-rickandmorty.release.xcconfig */;
			buildSettings = {
				ASSETCATALOG_COMPILER_APPICON_NAME = AppIcon;
				ASSETCATALOG_COMPILER_GLOBAL_ACCENT_COLOR_NAME = AccentColor;
				CODE_SIGN_STYLE = Automatic;
				CURRENT_PROJECT_VERSION = 1;
				GENERATE_INFOPLIST_FILE = YES;
				INFOPLIST_FILE = rickandmorty/Info.plist;
				INFOPLIST_KEY_UIApplicationSupportsIndirectInputEvents = YES;
				INFOPLIST_KEY_UILaunchStoryboardName = LaunchScreen;
				INFOPLIST_KEY_UIMainStoryboardFile = Main;
				INFOPLIST_KEY_UISupportedInterfaceOrientations_iPad = "UIInterfaceOrientationPortrait UIInterfaceOrientationPortraitUpsideDown UIInterfaceOrientationLandscapeLeft UIInterfaceOrientationLandscapeRight";
				INFOPLIST_KEY_UISupportedInterfaceOrientations_iPhone = "UIInterfaceOrientationPortrait UIInterfaceOrientationLandscapeLeft UIInterfaceOrientationLandscapeRight";
				LD_RUNPATH_SEARCH_PATHS = (
					"$(inherited)",
					"@executable_path/Frameworks",
				);
				MARKETING_VERSION = 1.0;
				PRODUCT_BUNDLE_IDENTIFIER = com.cerezo.rickandmorty;
				PRODUCT_NAME = "$(TARGET_NAME)";
				SWIFT_EMIT_LOC_STRINGS = YES;
				SWIFT_VERSION = 5.0;
				TARGETED_DEVICE_FAMILY = "1,2";
			};
			name = Release;
		};
/* End XCBuildConfiguration section */

/* Begin XCConfigurationList section */
		ED0C7CAF29EA60DB009D2AA3 /* Build configuration list for PBXProject "rickandmorty" */ = {
			isa = XCConfigurationList;
			buildConfigurations = (
				ED0C7CC629EA60DC009D2AA3 /* Debug */,
				ED0C7CC729EA60DC009D2AA3 /* Release */,
			);
			defaultConfigurationIsVisible = 0;
			defaultConfigurationName = Release;
		};
		ED0C7CC829EA60DC009D2AA3 /* Build configuration list for PBXNativeTarget "rickandmorty" */ = {
			isa = XCConfigurationList;
			buildConfigurations = (
				ED0C7CC929EA60DC009D2AA3 /* Debug */,
				ED0C7CCA29EA60DC009D2AA3 /* Release */,
			);
			defaultConfigurationIsVisible = 0;
			defaultConfigurationName = Release;
		};
/* End XCConfigurationList section */

/* Begin XCVersionGroup section */
		ED9AD64829EACC1F00F99832 /* CoreDataCharacter.xcdatamodeld */ = {
			isa = XCVersionGroup;
			children = (
				ED9AD64929EACC1F00F99832 /* CoreDataCharacter.xcdatamodel */,
			);
			currentVersion = ED9AD64929EACC1F00F99832 /* CoreDataCharacter.xcdatamodel */;
			path = CoreDataCharacter.xcdatamodeld;
			sourceTree = "<group>";
			versionGroupType = wrapper.xcdatamodel;
		};
/* End XCVersionGroup section */
	};
	rootObject = ED0C7CAC29EA60DB009D2AA3 /* Project object */;
}
